
Microsoft Visual Studio Solution File, Format Version 12.00
# Visual Studio Version 16
VisualStudioVersion = 16.0.32602.291
MinimumVisualStudioVersion = 10.0.40219.1
Project("{FAE04EC0-301F-11D3-BF4B-00C04F79EFBC}") = "DateTimeAssignment", "DateTimeAssignment\DateTimeAssignment.csproj", "{9E6A3439-61B1-4470-9E1D-711343E2964D}"
EndProject
Global
	GlobalSection(SolutionConfigurationPlatforms) = preSolution
		Debug|Any CPU = Debug|Any CPU
		Release|Any CPU = Release|Any CPU
	EndGlobalSection
	GlobalSection(ProjectConfigurationPlatforms) = postSolution
		{9E6A3439-61B1-4470-9E1D-711343E2964D}.Debug|Any CPU.ActiveCfg = Debug|Any CPU
		{9E6A3439-61B1-4470-9E1D-711343E2964D}.Debug|Any CPU.Build.0 = Debug|Any CPU
		{9E6A3439-61B1-4470-9E1D-711343E2964D}.Release|Any CPU.ActiveCfg = Release|Any CPU
		{9E6A3439-61B1-4470-9E1D-711343E2964D}.Release|Any CPU.Build.0 = Release|Any CPU
	EndGlobalSection
	GlobalSection(SolutionProperties) = preSolution
		HideSolutionNode = FALSE
	EndGlobalSection
	GlobalSection(ExtensibilityGlobals) = postSolution
		SolutionGuid = {0D6F17D9-E879-44AC-A271-A7E934C4701C}
	EndGlobalSection
EndGlobal
