
Microsoft Visual Studio Solution File, Format Version 12.00
# Visual Studio Version 17
VisualStudioVersion = 17.2.32616.157
MinimumVisualStudioVersion = 10.0.40219.1
Project("{FAE04EC0-301F-11D3-BF4B-00C04F79EFBC}") = "FinalAssignment", "FinalAssignment\FinalAssignment.csproj", "{EC9E5188-A8CF-4DC2-9694-679D7886FBDD}"
EndProject
Global
	GlobalSection(SolutionConfigurationPlatforms) = preSolution
		Debug|Any CPU = Debug|Any CPU
		Release|Any CPU = Release|Any CPU
	EndGlobalSection
	GlobalSection(ProjectConfigurationPlatforms) = postSolution
		{EC9E5188-A8CF-4DC2-9694-679D7886FBDD}.Debug|Any CPU.ActiveCfg = Debug|Any CPU
		{EC9E5188-A8CF-4DC2-9694-679D7886FBDD}.Debug|Any CPU.Build.0 = Debug|Any CPU
		{EC9E5188-A8CF-4DC2-9694-679D7886FBDD}.Release|Any CPU.ActiveCfg = Release|Any CPU
		{EC9E5188-A8CF-4DC2-9694-679D7886FBDD}.Release|Any CPU.Build.0 = Release|Any CPU
	EndGlobalSection
	GlobalSection(SolutionProperties) = preSolution
		HideSolutionNode = FALSE
	EndGlobalSection
	GlobalSection(ExtensibilityGlobals) = postSolution
		SolutionGuid = {46C1D917-F94E-4F8D-8C46-661A7D4CD0CD}
	EndGlobalSection
EndGlobal
