
Microsoft Visual Studio Solution File, Format Version 12.00
# Visual Studio Version 16
VisualStudioVersion = 16.0.32428.217
MinimumVisualStudioVersion = 10.0.40219.1
Project("{FAE04EC0-301F-11D3-BF4B-00C04F79EFBC}") = "BooleanLogicAssignmentSubmission", "BooleanLogicAssignmentSubmission\BooleanLogicAssignmentSubmission.csproj", "{24E51827-B0FD-46A7-8567-7F6BFFC3224C}"
EndProject
Global
	GlobalSection(SolutionConfigurationPlatforms) = preSolution
		Debug|Any CPU = Debug|Any CPU
		Release|Any CPU = Release|Any CPU
	EndGlobalSection
	GlobalSection(ProjectConfigurationPlatforms) = postSolution
		{24E51827-B0FD-46A7-8567-7F6BFFC3224C}.Debug|Any CPU.ActiveCfg = Debug|Any CPU
		{24E51827-B0FD-46A7-8567-7F6BFFC3224C}.Debug|Any CPU.Build.0 = Debug|Any CPU
		{24E51827-B0FD-46A7-8567-7F6BFFC3224C}.Release|Any CPU.ActiveCfg = Release|Any CPU
		{24E51827-B0FD-46A7-8567-7F6BFFC3224C}.Release|Any CPU.Build.0 = Release|Any CPU
	EndGlobalSection
	GlobalSection(SolutionProperties) = preSolution
		HideSolutionNode = FALSE
	EndGlobalSection
	GlobalSection(ExtensibilityGlobals) = postSolution
		SolutionGuid = {FBB4DBA9-D8BE-43E7-AB65-38DF721F2E88}
	EndGlobalSection
EndGlobal
