
Microsoft Visual Studio Solution File, Format Version 12.00
# Visual Studio Version 16
VisualStudioVersion = 16.0.32428.217
MinimumVisualStudioVersion = 10.0.40219.1
Project("{FAE04EC0-301F-11D3-BF4B-00C04F79EFBC}") = "ConsoleAppAssignment", "ConsoleAppAssignment\ConsoleAppAssignment.csproj", "{23403571-0420-49EA-B526-F91E23ED33D6}"
EndProject
Global
	GlobalSection(SolutionConfigurationPlatforms) = preSolution
		Debug|Any CPU = Debug|Any CPU
		Release|Any CPU = Release|Any CPU
	EndGlobalSection
	GlobalSection(ProjectConfigurationPlatforms) = postSolution
		{23403571-0420-49EA-B526-F91E23ED33D6}.Debug|Any CPU.ActiveCfg = Debug|Any CPU
		{23403571-0420-49EA-B526-F91E23ED33D6}.Debug|Any CPU.Build.0 = Debug|Any CPU
		{23403571-0420-49EA-B526-F91E23ED33D6}.Release|Any CPU.ActiveCfg = Release|Any CPU
		{23403571-0420-49EA-B526-F91E23ED33D6}.Release|Any CPU.Build.0 = Release|Any CPU
	EndGlobalSection
	GlobalSection(SolutionProperties) = preSolution
		HideSolutionNode = FALSE
	EndGlobalSection
	GlobalSection(ExtensibilityGlobals) = postSolution
		SolutionGuid = {ACAEA067-AD7D-4332-AB32-734CA5D170EC}
	EndGlobalSection
EndGlobal
