
Microsoft Visual Studio Solution File, Format Version 12.00
# Visual Studio Version 16
VisualStudioVersion = 16.0.32602.291
MinimumVisualStudioVersion = 10.0.40219.1
Project("{FAE04EC0-301F-11D3-BF4B-00C04F79EFBC}") = "StructsAssignment", "StructsAssignment\StructsAssignment.csproj", "{326E156D-B9B1-4ED9-B747-A4D634F14F90}"
EndProject
Global
	GlobalSection(SolutionConfigurationPlatforms) = preSolution
		Debug|Any CPU = Debug|Any CPU
		Release|Any CPU = Release|Any CPU
	EndGlobalSection
	GlobalSection(ProjectConfigurationPlatforms) = postSolution
		{326E156D-B9B1-4ED9-B747-A4D634F14F90}.Debug|Any CPU.ActiveCfg = Debug|Any CPU
		{326E156D-B9B1-4ED9-B747-A4D634F14F90}.Debug|Any CPU.Build.0 = Debug|Any CPU
		{326E156D-B9B1-4ED9-B747-A4D634F14F90}.Release|Any CPU.ActiveCfg = Release|Any CPU
		{326E156D-B9B1-4ED9-B747-A4D634F14F90}.Release|Any CPU.Build.0 = Release|Any CPU
	EndGlobalSection
	GlobalSection(SolutionProperties) = preSolution
		HideSolutionNode = FALSE
	EndGlobalSection
	GlobalSection(ExtensibilityGlobals) = postSolution
		SolutionGuid = {4D985FBE-4C95-48C5-BF1F-46C4CB2282F8}
	EndGlobalSection
EndGlobal
