
Microsoft Visual Studio Solution File, Format Version 12.00
# Visual Studio Version 16
VisualStudioVersion = 16.0.32428.217
MinimumVisualStudioVersion = 10.0.40219.1
Project("{FAE04EC0-301F-11D3-BF4B-00C04F79EFBC}") = "PriceQuoteSubmission", "PriceQuoteSubmission\PriceQuoteSubmission.csproj", "{DBB7E40A-A0CA-4D15-8F7A-506C7535CF76}"
EndProject
Global
	GlobalSection(SolutionConfigurationPlatforms) = preSolution
		Debug|Any CPU = Debug|Any CPU
		Release|Any CPU = Release|Any CPU
	EndGlobalSection
	GlobalSection(ProjectConfigurationPlatforms) = postSolution
		{DBB7E40A-A0CA-4D15-8F7A-506C7535CF76}.Debug|Any CPU.ActiveCfg = Debug|Any CPU
		{DBB7E40A-A0CA-4D15-8F7A-506C7535CF76}.Debug|Any CPU.Build.0 = Debug|Any CPU
		{DBB7E40A-A0CA-4D15-8F7A-506C7535CF76}.Release|Any CPU.ActiveCfg = Release|Any CPU
		{DBB7E40A-A0CA-4D15-8F7A-506C7535CF76}.Release|Any CPU.Build.0 = Release|Any CPU
	EndGlobalSection
	GlobalSection(SolutionProperties) = preSolution
		HideSolutionNode = FALSE
	EndGlobalSection
	GlobalSection(ExtensibilityGlobals) = postSolution
		SolutionGuid = {F711E574-87B8-48B8-83F1-EB1F259A3EAE}
	EndGlobalSection
EndGlobal
